// !$*UTF8*$!
{
	archiveVersion = 1;
	classes = {
	};
	objectVersion = 56;
	objects = {

/* Begin PBXBuildFile section */
		C2721CCE2A04A7BD00BF8182 /* RecipeTabView.swift in Sources */ = {isa = PBXBuildFile; fileRef = C2721CCD2A04A7BD00BF8182 /* RecipeTabView.swift */; };
		C2C651C029D3020D003D28D4 /* List_Recipe_App.swift in Sources */ = {isa = PBXBuildFile; fileRef = C2C651BF29D3020D003D28D4 /* List_Recipe_App.swift */; };
		C2C651C229D3020D003D28D4 /* RecipeListView.swift in Sources */ = {isa = PBXBuildFile; fileRef = C2C651C129D3020D003D28D4 /* RecipeListView.swift */; };
		C2C651C429D3020E003D28D4 /* Assets.xcassets in Resources */ = {isa = PBXBuildFile; fileRef = C2C651C329D3020E003D28D4 /* Assets.xcassets */; };
		C2C651C729D3020E003D28D4 /* Preview Assets.xcassets in Resources */ = {isa = PBXBuildFile; fileRef = C2C651C629D3020E003D28D4 /* Preview Assets.xcassets */; };
		C2C651D329D304F2003D28D4 /* recipes.json in Resources */ = {isa = PBXBuildFile; fileRef = C2C651D229D304F2003D28D4 /* recipes.json */; };
		C2C651D529D30579003D28D4 /* Recipe.swift in Sources */ = {isa = PBXBuildFile; fileRef = C2C651D429D30579003D28D4 /* Recipe.swift */; };
		C2C651D729D30776003D28D4 /* RecipeModel.swift in Sources */ = {isa = PBXBuildFile; fileRef = C2C651D629D30776003D28D4 /* RecipeModel.swift */; };
		C2C651D929D308BF003D28D4 /* DataService.swift in Sources */ = {isa = PBXBuildFile; fileRef = C2C651D829D308BF003D28D4 /* DataService.swift */; };
		C2C651F729D3FF8B003D28D4 /* RecipeDetailView.swift in Sources */ = {isa = PBXBuildFile; fileRef = C2C651F629D3FF8B003D28D4 /* RecipeDetailView.swift */; };
/* End PBXBuildFile section */

/* Begin PBXFileReference section */
		C2721CCD2A04A7BD00BF8182 /* RecipeTabView.swift */ = {isa = PBXFileReference; lastKnownFileType = sourcecode.swift; path = RecipeTabView.swift; sourceTree = "<group>"; };
		C2C651BC29D3020D003D28D4 /* List Recipe App.app */ = {isa = PBXFileReference; explicitFileType = wrapper.application; includeInIndex = 0; path = "List Recipe App.app"; sourceTree = BUILT_PRODUCTS_DIR; };
		C2C651BF29D3020D003D28D4 /* List_Recipe_App.swift */ = {isa = PBXFileReference; lastKnownFileType = sourcecode.swift; path = List_Recipe_App.swift; sourceTree = "<group>"; };
		C2C651C129D3020D003D28D4 /* RecipeListView.swift */ = {isa = PBXFileReference; lastKnownFileType = sourcecode.swift; path = RecipeListView.swift; sourceTree = "<group>"; };
		C2C651C329D3020E003D28D4 /* Assets.xcassets */ = {isa = PBXFileReference; lastKnownFileType = folder.assetcatalog; path = Assets.xcassets; sourceTree = "<group>"; };
		C2C651C629D3020E003D28D4 /* Preview Assets.xcassets */ = {isa = PBXFileReference; lastKnownFileType = folder.assetcatalog; path = "Preview Assets.xcassets"; sourceTree = "<group>"; };
		C2C651D229D304F2003D28D4 /* recipes.json */ = {isa = PBXFileReference; fileEncoding = 4; lastKnownFileType = text.json; path = recipes.json; sourceTree = "<group>"; };
		C2C651D429D30579003D28D4 /* Recipe.swift */ = {isa = PBXFileReference; lastKnownFileType = sourcecode.swift; path = Recipe.swift; sourceTree = "<group>"; };
		C2C651D629D30776003D28D4 /* RecipeModel.swift */ = {isa = PBXFileReference; lastKnownFileType = sourcecode.swift; path = RecipeModel.swift; sourceTree = "<group>"; };
		C2C651D829D308BF003D28D4 /* DataService.swift */ = {isa = PBXFileReference; lastKnownFileType = sourcecode.swift; path = DataService.swift; sourceTree = "<group>"; };
		C2C651F629D3FF8B003D28D4 /* RecipeDetailView.swift */ = {isa = PBXFileReference; lastKnownFileType = sourcecode.swift; path = RecipeDetailView.swift; sourceTree = "<group>"; };
/* End PBXFileReference section */

/* Begin PBXFrameworksBuildPhase section */
		C2C651B929D3020D003D28D4 /* Frameworks */ = {
			isa = PBXFrameworksBuildPhase;
			buildActionMask = 2147483647;
			files = (
			);
			runOnlyForDeploymentPostprocessing = 0;
		};
/* End PBXFrameworksBuildPhase section */

/* Begin PBXGroup section */
		C2C651B329D3020D003D28D4 = {
			isa = PBXGroup;
			children = (
				C2C651BE29D3020D003D28D4 /* List Recipe App */,
				C2C651BD29D3020D003D28D4 /* Products */,
			);
			sourceTree = "<group>";
		};
		C2C651BD29D3020D003D28D4 /* Products */ = {
			isa = PBXGroup;
			children = (
				C2C651BC29D3020D003D28D4 /* List Recipe App.app */,
			);
			name = Products;
			sourceTree = "<group>";
		};
		C2C651BE29D3020D003D28D4 /* List Recipe App */ = {
			isa = PBXGroup;
			children = (
				C2C651BF29D3020D003D28D4 /* List_Recipe_App.swift */,
				C2C651CF29D302D7003D28D4 /* ViewModels */,
				C2C651CE29D302D1003D28D4 /* Models */,
				C2C651CD29D302CA003D28D4 /* Views */,
				C2C651D129D302E6003D28D4 /* Services */,
				C2C651D029D302DF003D28D4 /* Data */,
				C2C651C329D3020E003D28D4 /* Assets.xcassets */,
				C2C651C529D3020E003D28D4 /* Preview Content */,
			);
			path = "List Recipe App";
			sourceTree = "<group>";
		};
		C2C651C529D3020E003D28D4 /* Preview Content */ = {
			isa = PBXGroup;
			children = (
				C2C651C629D3020E003D28D4 /* Preview Assets.xcassets */,
			);
			path = "Preview Content";
			sourceTree = "<group>";
		};
		C2C651CD29D302CA003D28D4 /* Views */ = {
			isa = PBXGroup;
			children = (
				C2721CCD2A04A7BD00BF8182 /* RecipeTabView.swift */,
				C2C651C129D3020D003D28D4 /* RecipeListView.swift */,
				C2C651F629D3FF8B003D28D4 /* RecipeDetailView.swift */,
			);
			path = Views;
			sourceTree = "<group>";
		};
		C2C651CE29D302D1003D28D4 /* Models */ = {
			isa = PBXGroup;
			children = (
				C2C651D429D30579003D28D4 /* Recipe.swift */,
			);
			path = Models;
			sourceTree = "<group>";
		};
		C2C651CF29D302D7003D28D4 /* ViewModels */ = {
			isa = PBXGroup;
			children = (
				C2C651D629D30776003D28D4 /* RecipeModel.swift */,
			);
			path = ViewModels;
			sourceTree = "<group>";
		};
		C2C651D029D302DF003D28D4 /* Data */ = {
			isa = PBXGroup;
			children = (
				C2C651D229D304F2003D28D4 /* recipes.json */,
			);
			path = Data;
			sourceTree = "<group>";
		};
		C2C651D129D302E6003D28D4 /* Services */ = {
			isa = PBXGroup;
			children = (
				C2C651D829D308BF003D28D4 /* DataService.swift */,
			);
			path = Services;
			sourceTree = "<group>";
		};
/* End PBXGroup section */

/* Begin PBXNativeTarget section */
		C2C651BB29D3020D003D28D4 /* List Recipe App */ = {
			isa = PBXNativeTarget;
			buildConfigurationList = C2C651CA29D3020E003D28D4 /* Build configuration list for PBXNativeTarget "List Recipe App" */;
			buildPhases = (
				C2C651B829D3020D003D28D4 /* Sources */,
				C2C651B929D3020D003D28D4 /* Frameworks */,
				C2C651BA29D3020D003D28D4 /* Resources */,
			);
			buildRules = (
			);
			dependencies = (
			);
			name = "List Recipe App";
			productName = "List Recipe App";
			productReference = C2C651BC29D3020D003D28D4 /* List Recipe App.app */;
			productType = "com.apple.product-type.application";
		};
/* End PBXNativeTarget section */

/* Begin PBXProject section */
		C2C651B429D3020D003D28D4 /* Project object */ = {
			isa = PBXProject;
			attributes = {
				BuildIndependentTargetsInParallel = 1;
				LastSwiftUpdateCheck = 1420;
				LastUpgradeCheck = 1420;
				TargetAttributes = {
					C2C651BB29D3020D003D28D4 = {
						CreatedOnToolsVersion = 14.2;
					};
				};
			};
			buildConfigurationList = C2C651B729D3020D003D28D4 /* Build configuration list for PBXProject "List Recipe App" */;
			compatibilityVersion = "Xcode 14.0";
			developmentRegion = en;
			hasScannedForEncodings = 0;
			knownRegions = (
				en,
				Base,
			);
			mainGroup = C2C651B329D3020D003D28D4;
			productRefGroup = C2C651BD29D3020D003D28D4 /* Products */;
			projectDirPath = "";
			projectRoot = "";
			targets = (
				C2C651BB29D3020D003D28D4 /* List Recipe App */,
			);
		};
/* End PBXProject section */

/* Begin PBXResourcesBuildPhase section */
		C2C651BA29D3020D003D28D4 /* Resources */ = {
			isa = PBXResourcesBuildPhase;
			buildActionMask = 2147483647;
			files = (
				C2C651C729D3020E003D28D4 /* Preview Assets.xcassets in Resources */,
				C2C651D329D304F2003D28D4 /* recipes.json in Resources */,
				C2C651C429D3020E003D28D4 /* Assets.xcassets in Resources */,
			);
			runOnlyForDeploymentPostprocessing = 0;
		};
/* End PBXResourcesBuildPhase section */

/* Begin PBXSourcesBuildPhase section */
		C2C651B829D3020D003D28D4 /* Sources */ = {
			isa = PBXSourcesBuildPhase;
			buildActionMask = 2147483647;
			files = (
				C2C651D529D30579003D28D4 /* Recipe.swift in Sources */,
				C2C651D729D30776003D28D4 /* RecipeModel.swift in Sources */,
				C2C651F729D3FF8B003D28D4 /* RecipeDetailView.swift in Sources */,
				C2C651C229D3020D003D28D4 /* RecipeListView.swift in Sources */,
				C2C651C029D3020D003D28D4 /* List_Recipe_App.swift in Sources */,
				C2C651D929D308BF003D28D4 /* DataService.swift in Sources */,
				C2721CCE2A04A7BD00BF8182 /* RecipeTabView.swift in Sources */,
			);
			runOnlyForDeploymentPostprocessing = 0;
		};
/* End PBXSourcesBuildPhase section */

/* Begin XCBuildConfiguration section */
		C2C651C829D3020E003D28D4 /* Debug */ = {
			isa = XCBuildConfiguration;
			buildSettings = {
				ALWAYS_SEARCH_USER_PATHS = NO;
				CLANG_ANALYZER_NONNULL = YES;
				CLANG_ANALYZER_NUMBER_OBJECT_CONVERSION = YES_AGGRESSIVE;
				CLANG_CXX_LANGUAGE_STANDARD = "gnu++20";
				CLANG_ENABLE_MODULES = YES;
				CLANG_ENABLE_OBJC_ARC = YES;
				CLANG_ENABLE_OBJC_WEAK = YES;
				CLANG_WARN_BLOCK_CAPTURE_AUTORELEASING = YES;
				CLANG_WARN_BOOL_CONVERSION = YES;
				CLANG_WARN_COMMA = YES;
				CLANG_WARN_CONSTANT_CONVERSION = YES;
				CLANG_WARN_DEPRECATED_OBJC_IMPLEMENTATIONS = YES;
				CLANG_WARN_DIRECT_OBJC_ISA_USAGE = YES_ERROR;
				CLANG_WARN_DOCUMENTATION_COMMENTS = YES;
				CLANG_WARN_EMPTY_BODY = YES;
				CLANG_WARN_ENUM_CONVERSION = YES;
				CLANG_WARN_INFINITE_RECURSION = YES;
				CLANG_WARN_INT_CONVERSION = YES;
				CLANG_WARN_NON_LITERAL_NULL_CONVERSION = YES;
				CLANG_WARN_OBJC_IMPLICIT_RETAIN_SELF = YES;
				CLANG_WARN_OBJC_LITERAL_CONVERSION = YES;
				CLANG_WARN_OBJC_ROOT_CLASS = YES_ERROR;
				CLANG_WARN_QUOTED_INCLUDE_IN_FRAMEWORK_HEADER = YES;
				CLANG_WARN_RANGE_LOOP_ANALYSIS = YES;
				CLANG_WARN_STRICT_PROTOTYPES = YES;
				CLANG_WARN_SUSPICIOUS_MOVE = YES;
				CLANG_WARN_UNGUARDED_AVAILABILITY = YES_AGGRESSIVE;
				CLANG_WARN_UNREACHABLE_CODE = YES;
				CLANG_WARN__DUPLICATE_METHOD_MATCH = YES;
				COPY_PHASE_STRIP = NO;
				DEBUG_INFORMATION_FORMAT = dwarf;
				ENABLE_STRICT_OBJC_MSGSEND = YES;
				ENABLE_TESTABILITY = YES;
				GCC_C_LANGUAGE_STANDARD = gnu11;
				GCC_DYNAMIC_NO_PIC = NO;
				GCC_NO_COMMON_BLOCKS = YES;
				GCC_OPTIMIZATION_LEVEL = 0;
				GCC_PREPROCESSOR_DEFINITIONS = (
					"DEBUG=1",
					"$(inherited)",
				);
				GCC_WARN_64_TO_32_BIT_CONVERSION = YES;
				GCC_WARN_ABOUT_RETURN_TYPE = YES_ERROR;
				GCC_WARN_UNDECLARED_SELECTOR = YES;
				GCC_WARN_UNINITIALIZED_AUTOS = YES_AGGRESSIVE;
				GCC_WARN_UNUSED_FUNCTION = YES;
				GCC_WARN_UNUSED_VARIABLE = YES;
				IPHONEOS_DEPLOYMENT_TARGET = 16.2;
				MTL_ENABLE_DEBUG_INFO = INCLUDE_SOURCE;
				MTL_FAST_MATH = YES;
				ONLY_ACTIVE_ARCH = YES;
				SDKROOT = iphoneos;
				SWIFT_ACTIVE_COMPILATION_CONDITIONS = DEBUG;
				SWIFT_OPTIMIZATION_LEVEL = "-Onone";
			};
			name = Debug;
		};
		C2C651C929D3020E003D28D4 /* Release */ = {
			isa = XCBuildConfiguration;
			buildSettings = {
				ALWAYS_SEARCH_USER_PATHS = NO;
				CLANG_ANALYZER_NONNULL = YES;
				CLANG_ANALYZER_NUMBER_OBJECT_CONVERSION = YES_AGGRESSIVE;
				CLANG_CXX_LANGUAGE_STANDARD = "gnu++20";
				CLANG_ENABLE_MODULES = YES;
				CLANG_ENABLE_OBJC_ARC = YES;
				CLANG_ENABLE_OBJC_WEAK = YES;
				CLANG_WARN_BLOCK_CAPTURE_AUTORELEASING = YES;
				CLANG_WARN_BOOL_CONVERSION = YES;
				CLANG_WARN_COMMA = YES;
				CLANG_WARN_CONSTANT_CONVERSION = YES;
				CLANG_WARN_DEPRECATED_OBJC_IMPLEMENTATIONS = YES;
				CLANG_WARN_DIRECT_OBJC_ISA_USAGE = YES_ERROR;
				CLANG_WARN_DOCUMENTATION_COMMENTS = YES;
				CLANG_WARN_EMPTY_BODY = YES;
				CLANG_WARN_ENUM_CONVERSION = YES;
				CLANG_WARN_INFINITE_RECURSION = YES;
				CLANG_WARN_INT_CONVERSION = YES;
				CLANG_WARN_NON_LITERAL_NULL_CONVERSION = YES;
				CLANG_WARN_OBJC_IMPLICIT_RETAIN_SELF = YES;
				CLANG_WARN_OBJC_LITERAL_CONVERSION = YES;
				CLANG_WARN_OBJC_ROOT_CLASS = YES_ERROR;
				CLANG_WARN_QUOTED_INCLUDE_IN_FRAMEWORK_HEADER = YES;
				CLANG_WARN_RANGE_LOOP_ANALYSIS = YES;
				CLANG_WARN_STRICT_PROTOTYPES = YES;
				CLANG_WARN_SUSPICIOUS_MOVE = YES;
				CLANG_WARN_UNGUARDED_AVAILABILITY = YES_AGGRESSIVE;
				CLANG_WARN_UNREACHABLE_CODE = YES;
				CLANG_WARN__DUPLICATE_METHOD_MATCH = YES;
				COPY_PHASE_STRIP = NO;
				DEBUG_INFORMATION_FORMAT = "dwarf-with-dsym";
				ENABLE_NS_ASSERTIONS = NO;
				ENABLE_STRICT_OBJC_MSGSEND = YES;
				GCC_C_LANGUAGE_STANDARD = gnu11;
				GCC_NO_COMMON_BLOCKS = YES;
				GCC_WARN_64_TO_32_BIT_CONVERSION = YES;
				GCC_WARN_ABOUT_RETURN_TYPE = YES_ERROR;
				GCC_WARN_UNDECLARED_SELECTOR = YES;
				GCC_WARN_UNINITIALIZED_AUTOS = YES_AGGRESSIVE;
				GCC_WARN_UNUSED_FUNCTION = YES;
				GCC_WARN_UNUSED_VARIABLE = YES;
				IPHONEOS_DEPLOYMENT_TARGET = 16.2;
				MTL_ENABLE_DEBUG_INFO = NO;
				MTL_FAST_MATH = YES;
				SDKROOT = iphoneos;
				SWIFT_COMPILATION_MODE = wholemodule;
				SWIFT_OPTIMIZATION_LEVEL = "-O";
				VALIDATE_PRODUCT = YES;
			};
			name = Release;
		};
		C2C651CB29D3020E003D28D4 /* Debug */ = {
			isa = XCBuildConfiguration;
			buildSettings = {
				ASSETCATALOG_COMPILER_APPICON_NAME = AppIcon;
				ASSETCATALOG_COMPILER_GLOBAL_ACCENT_COLOR_NAME = AccentColor;
				CODE_SIGN_STYLE = Automatic;
				CURRENT_PROJECT_VERSION = 1;
				DEVELOPMENT_ASSET_PATHS = "\"List Recipe App/Preview Content\"";
				ENABLE_PREVIEWS = YES;
				GENERATE_INFOPLIST_FILE = YES;
				INFOPLIST_KEY_UIApplicationSceneManifest_Generation = YES;
				INFOPLIST_KEY_UIApplicationSupportsIndirectInputEvents = YES;
				INFOPLIST_KEY_UILaunchScreen_Generation = YES;
				INFOPLIST_KEY_UISupportedInterfaceOrientations_iPad = "UIInterfaceOrientationPortrait UIInterfaceOrientationPortraitUpsideDown UIInterfaceOrientationLandscapeLeft UIInterfaceOrientationLandscapeRight";
				INFOPLIST_KEY_UISupportedInterfaceOrientations_iPhone = "UIInterfaceOrientationPortrait UIInterfaceOrientationLandscapeLeft UIInterfaceOrientationLandscapeRight";
				LD_RUNPATH_SEARCH_PATHS = (
					"$(inherited)",
					"@executable_path/Frameworks",
				);
				MARKETING_VERSION = 1.0;
				PRODUCT_BUNDLE_IDENTIFIER = "com.max.List-Recipe-App";
				PRODUCT_NAME = "$(TARGET_NAME)";
				SWIFT_EMIT_LOC_STRINGS = YES;
				SWIFT_VERSION = 5.0;
				TARGETED_DEVICE_FAMILY = "1,2";
			};
			name = Debug;
		};
		C2C651CC29D3020E003D28D4 /* Release */ = {
			isa = XCBuildConfiguration;
			buildSettings = {
				ASSETCATALOG_COMPILER_APPICON_NAME = AppIcon;
				ASSETCATALOG_COMPILER_GLOBAL_ACCENT_COLOR_NAME = AccentColor;
				CODE_SIGN_STYLE = Automatic;
				CURRENT_PROJECT_VERSION = 1;
				DEVELOPMENT_ASSET_PATHS = "\"List Recipe App/Preview Content\"";
				ENABLE_PREVIEWS = YES;
				GENERATE_INFOPLIST_FILE = YES;
				INFOPLIST_KEY_UIApplicationSceneManifest_Generation = YES;
				INFOPLIST_KEY_UIApplicationSupportsIndirectInputEvents = YES;
				INFOPLIST_KEY_UILaunchScreen_Generation = YES;
				INFOPLIST_KEY_UISupportedInterfaceOrientations_iPad = "UIInterfaceOrientationPortrait UIInterfaceOrientationPortraitUpsideDown UIInterfaceOrientationLandscapeLeft UIInterfaceOrientationLandscapeRight";
				INFOPLIST_KEY_UISupportedInterfaceOrientations_iPhone = "UIInterfaceOrientationPortrait UIInterfaceOrientationLandscapeLeft UIInterfaceOrientationLandscapeRight";
				LD_RUNPATH_SEARCH_PATHS = (
					"$(inherited)",
					"@executable_path/Frameworks",
				);
				MARKETING_VERSION = 1.0;
				PRODUCT_BUNDLE_IDENTIFIER = "com.max.List-Recipe-App";
				PRODUCT_NAME = "$(TARGET_NAME)";
				SWIFT_EMIT_LOC_STRINGS = YES;
				SWIFT_VERSION = 5.0;
				TARGETED_DEVICE_FAMILY = "1,2";
			};
			name = Release;
		};
/* End XCBuildConfiguration section */

/* Begin XCConfigurationList section */
		C2C651B729D3020D003D28D4 /* Build configuration list for PBXProject "List Recipe App" */ = {
			isa = XCConfigurationList;
			buildConfigurations = (
				C2C651C829D3020E003D28D4 /* Debug */,
				C2C651C929D3020E003D28D4 /* Release */,
			);
			defaultConfigurationIsVisible = 0;
			defaultConfigurationName = Release;
		};
		C2C651CA29D3020E003D28D4 /* Build configuration list for PBXNativeTarget "List Recipe App" */ = {
			isa = XCConfigurationList;
			buildConfigurations = (
				C2C651CB29D3020E003D28D4 /* Debug */,
				C2C651CC29D3020E003D28D4 /* Release */,
			);
			defaultConfigurationIsVisible = 0;
			defaultConfigurationName = Release;
		};
/* End XCConfigurationList section */
	};
	rootObject = C2C651B429D3020D003D28D4 /* Project object */;
}
